
Microsoft Visual Studio Solution File, Format Version 10.00
# Visual Studio 2008
Project("{8BC9CEB8-8B4A-11D0-8D11-00A0C91BC942}") = "NXT++USB", "NXT++USB.vcproj", "{DE010738-090E-46B6-A21E-2D4FB51E6C8B}"
EndProject
Global
	GlobalSection(SolutionConfigurationPlatforms) = preSolution
		Debug|Win32 = Debug|Win32
		Release|Win32 = Release|Win32
	EndGlobalSection
	GlobalSection(ProjectConfigurationPlatforms) = postSolution
		{DE010738-090E-46B6-A21E-2D4FB51E6C8B}.Debug|Win32.ActiveCfg = Debug|Win32
		{DE010738-090E-46B6-A21E-2D4FB51E6C8B}.Debug|Win32.Build.0 = Debug|Win32
		{DE010738-090E-46B6-A21E-2D4FB51E6C8B}.Release|Win32.ActiveCfg = Release|Win32
		{DE010738-090E-46B6-A21E-2D4FB51E6C8B}.Release|Win32.Build.0 = Release|Win32
	EndGlobalSection
	GlobalSection(SolutionProperties) = preSolution
		HideSolutionNode = FALSE
	EndGlobalSection
EndGlobal
